
Microsoft Visual Studio Solution File, Format Version 12.00
# Visual Studio Version 17
VisualStudioVersion = 17.8.34408.163
MinimumVisualStudioVersion = 10.0.40219.1
Project("{FAE04EC0-301F-11D3-BF4B-00C04F79EFBC}") = "Mission08_Group3-11", "Mission08_Group3-11.csproj", "{D5BFDA74-125F-4E6E-9E27-53515CAB62F2}"
EndProject
Global
	GlobalSection(SolutionConfigurationPlatforms) = preSolution
		Debug|Any CPU = Debug|Any CPU
		Release|Any CPU = Release|Any CPU
	EndGlobalSection
	GlobalSection(ProjectConfigurationPlatforms) = postSolution
		{D5BFDA74-125F-4E6E-9E27-53515CAB62F2}.Debug|Any CPU.ActiveCfg = Debug|Any CPU
		{D5BFDA74-125F-4E6E-9E27-53515CAB62F2}.Debug|Any CPU.Build.0 = Debug|Any CPU
		{D5BFDA74-125F-4E6E-9E27-53515CAB62F2}.Release|Any CPU.ActiveCfg = Release|Any CPU
		{D5BFDA74-125F-4E6E-9E27-53515CAB62F2}.Release|Any CPU.Build.0 = Release|Any CPU
	EndGlobalSection
	GlobalSection(SolutionProperties) = preSolution
		HideSolutionNode = FALSE
	EndGlobalSection
	GlobalSection(ExtensibilityGlobals) = postSolution
		SolutionGuid = {86B310FA-8536-44AF-B95D-7872D5E7528A}
	EndGlobalSection
EndGlobal
